
Microsoft Visual Studio Solution File, Format Version 12.00
# Visual Studio 15
VisualStudioVersion = 15.0.28307.1525
MinimumVisualStudioVersion = 10.0.40219.1
Project("{FAE04EC0-301F-11D3-BF4B-00C04F79EFBC}") = "ConASCII", "ConASCII.csproj", "{9889F05E-D17A-4042-88F7-005D1CE05438}"
EndProject
Global
	GlobalSection(SolutionConfigurationPlatforms) = preSolution
		Debug|Any CPU = Debug|Any CPU
		Release|Any CPU = Release|Any CPU
	EndGlobalSection
	GlobalSection(ProjectConfigurationPlatforms) = postSolution
		{9889F05E-D17A-4042-88F7-005D1CE05438}.Debug|Any CPU.ActiveCfg = Debug|Any CPU
		{9889F05E-D17A-4042-88F7-005D1CE05438}.Debug|Any CPU.Build.0 = Debug|Any CPU
		{9889F05E-D17A-4042-88F7-005D1CE05438}.Release|Any CPU.ActiveCfg = Release|Any CPU
		{9889F05E-D17A-4042-88F7-005D1CE05438}.Release|Any CPU.Build.0 = Release|Any CPU
	EndGlobalSection
	GlobalSection(SolutionProperties) = preSolution
		HideSolutionNode = FALSE
	EndGlobalSection
	GlobalSection(ExtensibilityGlobals) = postSolution
		SolutionGuid = {A32A6CF7-2136-4E51-8938-F23E20FEA358}
	EndGlobalSection
EndGlobal
